
Microsoft Visual Studio Solution File, Format Version 12.00
# Visual Studio Version 17
VisualStudioVersion = 17.2.32602.215
MinimumVisualStudioVersion = 10.0.40219.1
Project("{9A19103F-16F7-4668-BE54-9A1E7A4F7556}") = "WebApplication5", "WebApplication5\WebApplication5.csproj", "{C6AB3AF2-3144-48D8-96C1-89E3FB7FB724}"
EndProject
Global
	GlobalSection(SolutionConfigurationPlatforms) = preSolution
		Debug|Any CPU = Debug|Any CPU
		Release|Any CPU = Release|Any CPU
	EndGlobalSection
	GlobalSection(ProjectConfigurationPlatforms) = postSolution
		{C6AB3AF2-3144-48D8-96C1-89E3FB7FB724}.Debug|Any CPU.ActiveCfg = Debug|Any CPU
		{C6AB3AF2-3144-48D8-96C1-89E3FB7FB724}.Debug|Any CPU.Build.0 = Debug|Any CPU
		{C6AB3AF2-3144-48D8-96C1-89E3FB7FB724}.Release|Any CPU.ActiveCfg = Release|Any CPU
		{C6AB3AF2-3144-48D8-96C1-89E3FB7FB724}.Release|Any CPU.Build.0 = Release|Any CPU
	EndGlobalSection
	GlobalSection(SolutionProperties) = preSolution
		HideSolutionNode = FALSE
	EndGlobalSection
	GlobalSection(ExtensibilityGlobals) = postSolution
		SolutionGuid = {6B3A08FE-C235-4A1F-B8F0-CF01FFBF3AC4}
	EndGlobalSection
EndGlobal
